
Microsoft Visual Studio Solution File, Format Version 12.00
# Visual Studio 15
VisualStudioVersion = 15.0.27004.2002
MinimumVisualStudioVersion = 10.0.40219.1
Project("{9A19103F-16F7-4668-BE54-9A1E7A4F7556}") = "DbAppsDemo", "DbAppsDemo\DbAppsDemo.csproj", "{5FEAD074-FB73-4667-BFAF-47712E590294}"
EndProject
Project("{FAE04EC0-301F-11D3-BF4B-00C04F79EFBC}") = "MinionsAndVillains", "MinionsAndVillains\MinionsAndVillains.csproj", "{1CE1E259-C595-4B5B-84CA-82774CBCA894}"
EndProject
Global
	GlobalSection(SolutionConfigurationPlatforms) = preSolution
		Debug|Any CPU = Debug|Any CPU
		Release|Any CPU = Release|Any CPU
	EndGlobalSection
	GlobalSection(ProjectConfigurationPlatforms) = postSolution
		{5FEAD074-FB73-4667-BFAF-47712E590294}.Debug|Any CPU.ActiveCfg = Debug|Any CPU
		{5FEAD074-FB73-4667-BFAF-47712E590294}.Debug|Any CPU.Build.0 = Debug|Any CPU
		{5FEAD074-FB73-4667-BFAF-47712E590294}.Release|Any CPU.ActiveCfg = Release|Any CPU
		{5FEAD074-FB73-4667-BFAF-47712E590294}.Release|Any CPU.Build.0 = Release|Any CPU
		{1CE1E259-C595-4B5B-84CA-82774CBCA894}.Debug|Any CPU.ActiveCfg = Debug|Any CPU
		{1CE1E259-C595-4B5B-84CA-82774CBCA894}.Debug|Any CPU.Build.0 = Debug|Any CPU
		{1CE1E259-C595-4B5B-84CA-82774CBCA894}.Release|Any CPU.ActiveCfg = Release|Any CPU
		{1CE1E259-C595-4B5B-84CA-82774CBCA894}.Release|Any CPU.Build.0 = Release|Any CPU
	EndGlobalSection
	GlobalSection(SolutionProperties) = preSolution
		HideSolutionNode = FALSE
	EndGlobalSection
	GlobalSection(ExtensibilityGlobals) = postSolution
		SolutionGuid = {D5EC8FB0-B97D-4F5F-9420-C7DF8A61D15C}
	EndGlobalSection
EndGlobal
