
Microsoft Visual Studio Solution File, Format Version 12.00
# Visual Studio 15
VisualStudioVersion = 15.0.27004.2002
MinimumVisualStudioVersion = 10.0.40219.1
Project("{FAE04EC0-301F-11D3-BF4B-00C04F79EFBC}") = "BillsPayment.App", "Cars.App\BillsPayment.App.csproj", "{40FD342A-9E67-478B-825F-CBEFB2E51CED}"
EndProject
Project("{FAE04EC0-301F-11D3-BF4B-00C04F79EFBC}") = "BillsPayment.Data", "Cars.Data\BillsPayment.Data.csproj", "{5177108E-0D06-4205-BB0E-400C25A9110C}"
EndProject
Project("{FAE04EC0-301F-11D3-BF4B-00C04F79EFBC}") = "BillsPayment.Data.Models", "BillsPayment.Data.Models\BillsPayment.Data.Models.csproj", "{431B8FDB-37F8-4952-B39A-131751D4067A}"
EndProject
Global
	GlobalSection(SolutionConfigurationPlatforms) = preSolution
		Debug|Any CPU = Debug|Any CPU
		Release|Any CPU = Release|Any CPU
	EndGlobalSection
	GlobalSection(ProjectConfigurationPlatforms) = postSolution
		{40FD342A-9E67-478B-825F-CBEFB2E51CED}.Debug|Any CPU.ActiveCfg = Debug|Any CPU
		{40FD342A-9E67-478B-825F-CBEFB2E51CED}.Debug|Any CPU.Build.0 = Debug|Any CPU
		{40FD342A-9E67-478B-825F-CBEFB2E51CED}.Release|Any CPU.ActiveCfg = Release|Any CPU
		{40FD342A-9E67-478B-825F-CBEFB2E51CED}.Release|Any CPU.Build.0 = Release|Any CPU
		{5177108E-0D06-4205-BB0E-400C25A9110C}.Debug|Any CPU.ActiveCfg = Debug|Any CPU
		{5177108E-0D06-4205-BB0E-400C25A9110C}.Debug|Any CPU.Build.0 = Debug|Any CPU
		{5177108E-0D06-4205-BB0E-400C25A9110C}.Release|Any CPU.ActiveCfg = Release|Any CPU
		{5177108E-0D06-4205-BB0E-400C25A9110C}.Release|Any CPU.Build.0 = Release|Any CPU
		{431B8FDB-37F8-4952-B39A-131751D4067A}.Debug|Any CPU.ActiveCfg = Debug|Any CPU
		{431B8FDB-37F8-4952-B39A-131751D4067A}.Debug|Any CPU.Build.0 = Debug|Any CPU
		{431B8FDB-37F8-4952-B39A-131751D4067A}.Release|Any CPU.ActiveCfg = Release|Any CPU
		{431B8FDB-37F8-4952-B39A-131751D4067A}.Release|Any CPU.Build.0 = Release|Any CPU
	EndGlobalSection
	GlobalSection(SolutionProperties) = preSolution
		HideSolutionNode = FALSE
	EndGlobalSection
	GlobalSection(ExtensibilityGlobals) = postSolution
		SolutionGuid = {0B5F4574-26CB-4139-83C5-51AFF8604CCC}
	EndGlobalSection
EndGlobal
